- 08c6d474cc07b00fe01be5120f2ed108a0968b29
- 106fc34235734243b59461a069af413e4d3f5eab
- 1565076fc4398d7ae449941b4dcf3cfbf1de292d
- 2328222911172bbc4db868cde599bfd5c5c39b21
- 2503515e4e92100f8d9c1e8fc661c4ff7ba9496a
- 2b2f31fee32cb0d073d69fb9bfe373684bbdd465
- 2f544490dd555506d20f317e679b252b642a4b2d
- 44684c200433dc4842bf0a6317d735e98e9fb903
- 4a421b6a19d9b439afc3b2e69488367336423ee5
- 676c0342a05177dfa24994339bc34d5058cb529e
- c1a07c25aef6562d3459a2d1bfbbc4e3265b0fab
- cb3626861ee7d70bd63f933029a48012f48ca92b
- d16effe38b05286d600cd543f0e8d5a197f33e2e
- d1a70d769420b582d349243fabf32b18844ebf0e
- e7840601d8b63a3391abde3a4c1f4983bd60f7ab
- fabb45d488452bae3eacf96d91af57db48176ac1
